
Microsoft Visual Studio Solution File, Format Version 12.00
# Visual Studio 15
VisualStudioVersion = 15.0.28307.2092
MinimumVisualStudioVersion = 10.0.40219.1
Project("{FAE04EC0-301F-11D3-BF4B-00C04F79EFBC}") = "RMS", "RMS\RMS.csproj", "{B9032543-9E3A-4846-A163-B808E1587D9F}"
EndProject
Global
	GlobalSection(SolutionConfigurationPlatforms) = preSolution
		Debug|Any CPU = Debug|Any CPU
		Release|Any CPU = Release|Any CPU
	EndGlobalSection
	GlobalSection(ProjectConfigurationPlatforms) = postSolution
		{B9032543-9E3A-4846-A163-B808E1587D9F}.Debug|Any CPU.ActiveCfg = Debug|Any CPU
		{B9032543-9E3A-4846-A163-B808E1587D9F}.Debug|Any CPU.Build.0 = Debug|Any CPU
		{B9032543-9E3A-4846-A163-B808E1587D9F}.Release|Any CPU.ActiveCfg = Release|Any CPU
		{B9032543-9E3A-4846-A163-B808E1587D9F}.Release|Any CPU.Build.0 = Release|Any CPU
	EndGlobalSection
	GlobalSection(SolutionProperties) = preSolution
		HideSolutionNode = FALSE
	EndGlobalSection
	GlobalSection(ExtensibilityGlobals) = postSolution
		SolutionGuid = {CF73E0C9-F56E-4515-945E-F1B82F9123CF}
	EndGlobalSection
EndGlobal
